
Microsoft Visual Studio Solution File, Format Version 12.00
# Visual Studio 15
VisualStudioVersion = 15.0.26228.4
MinimumVisualStudioVersion = 10.0.40219.1
Project("{FAE04EC0-301F-11D3-BF4B-00C04F79EFBC}") = "AsyncCallEmulator", "AsyncCaller\AsyncCallEmulator.csproj", "{CE4D62F6-77D0-402C-B3EC-66DB8A95BE21}"
EndProject
Project("{FAE04EC0-301F-11D3-BF4B-00C04F79EFBC}") = "DemoConsole", "DemoConsole\DemoConsole.csproj", "{F1AF9AA1-5FFA-4F76-9A6A-71E7A21239F9}"
EndProject
Project("{FAE04EC0-301F-11D3-BF4B-00C04F79EFBC}") = "AsyncActors", "AsyncCallerActor\AsyncActors.csproj", "{3B2F7FB8-82B2-4CF4-8CCC-7589CCA94360}"
EndProject
Global
	GlobalSection(SolutionConfigurationPlatforms) = preSolution
		Debug|Any CPU = Debug|Any CPU
		Release|Any CPU = Release|Any CPU
	EndGlobalSection
	GlobalSection(ProjectConfigurationPlatforms) = postSolution
		{CE4D62F6-77D0-402C-B3EC-66DB8A95BE21}.Debug|Any CPU.ActiveCfg = Debug|Any CPU
		{CE4D62F6-77D0-402C-B3EC-66DB8A95BE21}.Debug|Any CPU.Build.0 = Debug|Any CPU
		{CE4D62F6-77D0-402C-B3EC-66DB8A95BE21}.Release|Any CPU.ActiveCfg = Release|Any CPU
		{CE4D62F6-77D0-402C-B3EC-66DB8A95BE21}.Release|Any CPU.Build.0 = Release|Any CPU
		{F1AF9AA1-5FFA-4F76-9A6A-71E7A21239F9}.Debug|Any CPU.ActiveCfg = Debug|Any CPU
		{F1AF9AA1-5FFA-4F76-9A6A-71E7A21239F9}.Debug|Any CPU.Build.0 = Debug|Any CPU
		{F1AF9AA1-5FFA-4F76-9A6A-71E7A21239F9}.Release|Any CPU.ActiveCfg = Release|Any CPU
		{F1AF9AA1-5FFA-4F76-9A6A-71E7A21239F9}.Release|Any CPU.Build.0 = Release|Any CPU
		{3B2F7FB8-82B2-4CF4-8CCC-7589CCA94360}.Debug|Any CPU.ActiveCfg = Debug|Any CPU
		{3B2F7FB8-82B2-4CF4-8CCC-7589CCA94360}.Debug|Any CPU.Build.0 = Debug|Any CPU
		{3B2F7FB8-82B2-4CF4-8CCC-7589CCA94360}.Release|Any CPU.ActiveCfg = Release|Any CPU
		{3B2F7FB8-82B2-4CF4-8CCC-7589CCA94360}.Release|Any CPU.Build.0 = Release|Any CPU
	EndGlobalSection
	GlobalSection(SolutionProperties) = preSolution
		HideSolutionNode = FALSE
	EndGlobalSection
EndGlobal
